dependencies:
  espressif/button:
    component_hash: 1f5297fe16f0ee988dbb14b6f4c91782fe2baf85025bb15cc1e0093edd3fb2ee
    source:
      service_url: https://api.components.espressif.com/
      type: service
    version: 3.2.0
  espressif/cmake_utilities:
    component_hash: 351350613ceafba240b761b4ea991e0f231ac7a9f59a9ee901f751bddc0bb18f
    source:
      service_url: https://api.components.espressif.com/
      type: service
    version: 0.5.3
  espressif/coap:
    component_hash: 601eb4321be86e367d576f6a68040772423e27da198f794dd94d27920b58c8c7
    source:
      service_url: https://api.components.espressif.com/
      type: service
    version: 4.3.4~2
  espressif/qrcode:
    component_hash: 3b493771bc5d6ad30cbf87c25bf784aada8a08c941504355b55d6b75518ed7bc
    source:
      service_url: https://api.components.espressif.com/
      type: service
    version: 0.1.0~2
  idf:
    component_hash: null
    source:
      type: idf
    version: 5.2.1
manifest_hash: ed2e0260ed7953b3574f4d478b30178f0b7b9e158c84aff1cb700c29fa120eba
target: esp32
version: 1.0.0
