dependencies:
  espressif/button:
    component_hash: 1f5297fe16f0ee988dbb14b6f4c91782fe2baf85025bb15cc1e0093edd3fb2ee
    source:
      service_url: https://api.components.espressif.com/
      type: service
    version: 3.2.0
  espressif/cbor:
    component_hash: 440f4ee4504841cc9b4f3a8ef755776a612ac9dace355514c68b999868f990ff
    source:
      service_url: https://api.components.espressif.com/
      type: service
    version: 0.6.0~1
  espressif/cmake_utilities:
    component_hash: 351350613ceafba240b761b4ea991e0f231ac7a9f59a9ee901f751bddc0bb18f
    source:
      service_url: https://api.components.espressif.com/
      type: service
    version: 0.5.3
  espressif/coap:
    component_hash: b76d3b92424c55629509e60066d0d87cdd10f8f6272f1314f81ffd443de601b6
    source:
      service_url: https://api.components.espressif.com/
      type: service
    version: 4.3.4~3
  espressif/qrcode:
    component_hash: 3b493771bc5d6ad30cbf87c25bf784aada8a08c941504355b55d6b75518ed7bc
    source:
      service_url: https://api.components.espressif.com/
      type: service
    version: 0.1.0~2
  idf:
    component_hash: null
    source:
      type: idf
    version: 5.2.1
manifest_hash: 3b5aefdc3b5432c6bb27f312f872388c17232a9beedbba32ec80bf5a4207defb
target: esp32
version: 1.0.0
